
Microsoft Visual Studio Solution File, Format Version 12.00
# Visual Studio Version 17
VisualStudioVersion = 17.5.002.0
MinimumVisualStudioVersion = 10.0.40219.1
Project("{9A19103F-16F7-4668-BE54-9A1E7A4F7556}") = "Nova pasta (2)", "Nova pasta (2).csproj", "{10DAAD0D-A28A-472A-85DE-AB169F4B008C}"
EndProject
Global
	GlobalSection(SolutionConfigurationPlatforms) = preSolution
		Debug|Any CPU = Debug|Any CPU
		Release|Any CPU = Release|Any CPU
	EndGlobalSection
	GlobalSection(ProjectConfigurationPlatforms) = postSolution
		{10DAAD0D-A28A-472A-85DE-AB169F4B008C}.Debug|Any CPU.ActiveCfg = Debug|Any CPU
		{10DAAD0D-A28A-472A-85DE-AB169F4B008C}.Debug|Any CPU.Build.0 = Debug|Any CPU
		{10DAAD0D-A28A-472A-85DE-AB169F4B008C}.Release|Any CPU.ActiveCfg = Release|Any CPU
		{10DAAD0D-A28A-472A-85DE-AB169F4B008C}.Release|Any CPU.Build.0 = Release|Any CPU
	EndGlobalSection
	GlobalSection(SolutionProperties) = preSolution
		HideSolutionNode = FALSE
	EndGlobalSection
	GlobalSection(ExtensibilityGlobals) = postSolution
		SolutionGuid = {479316C2-98D9-4AA8-8F08-F91D9D832E5F}
	EndGlobalSection
EndGlobal
